
Microsoft Visual Studio Solution File, Format Version 12.00
# Visual Studio Version 17
VisualStudioVersion = 17.12.35527.113
MinimumVisualStudioVersion = 10.0.40219.1
Project("{2150E333-8FDC-42A3-9474-1A3956D46DE8}") = "SolutionItems", "SolutionItems", "{1ECAA48D-EB54-4FD9-8E37-307D05328FAE}"
	ProjectSection(SolutionItems) = preProject
		src\docker-compose.override.yml = src\docker-compose.override.yml
		src\docker-compose.yml = src\docker-compose.yml
		global.json = global.json
		microservice-architecture.png = microservice-architecture.png
		README.md = README.md
	EndProjectSection
EndProject
Project("{2150E333-8FDC-42A3-9474-1A3956D46DE8}") = "src", "src", "{77BFC61F-091E-4400-A325-8BCD8AF585FD}"
EndProject
Project("{2150E333-8FDC-42A3-9474-1A3956D46DE8}") = "test", "test", "{1F0A7EA1-CD7F-48C0-A4F6-7E91D6CA7F2D}"
EndProject
Project("{2150E333-8FDC-42A3-9474-1A3956D46DE8}") = "ApiGateways", "ApiGateways", "{7A3CC490-CE1A-43D4-AF45-D4E966A1C33E}"
EndProject
Project("{2150E333-8FDC-42A3-9474-1A3956D46DE8}") = "BuildingBlocks", "BuildingBlocks", "{55D94016-426F-48C0-A65C-3B78DF5FADCC}"
EndProject
Project("{2150E333-8FDC-42A3-9474-1A3956D46DE8}") = "Services", "Services", "{43C149C4-78DD-4DB7-977F-3B2236A366D4}"
EndProject
Project("{2150E333-8FDC-42A3-9474-1A3956D46DE8}") = "WebApps", "WebApps", "{C7523260-29A5-40C1-8090-1F8333A438AB}"
EndProject
Project("{FAE04EC0-301F-11D3-BF4B-00C04F79EFBC}") = "Common.Logging", "src\BuildingBlocks\Common.Logging\Common.Logging.csproj", "{656E604D-6797-4639-806D-55A47A0D7B06}"
EndProject
Project("{FAE04EC0-301F-11D3-BF4B-00C04F79EFBC}") = "EventBus.Messages", "src\BuildingBlocks\EventBus.Messages\EventBus.Messages.csproj", "{499F0B35-305E-4BED-A5F5-C83C023A102B}"
EndProject
Project("{2150E333-8FDC-42A3-9474-1A3956D46DE8}") = "Product", "Product", "{4357244F-1741-4234-BB4D-5742E0313CBD}"
EndProject
Project("{2150E333-8FDC-42A3-9474-1A3956D46DE8}") = "Customer", "Customer", "{07877BC3-5DB3-400E-8D4A-FDC1586AE63C}"
EndProject
Project("{2150E333-8FDC-42A3-9474-1A3956D46DE8}") = "Basket", "Basket", "{F5FDB9B7-D1A0-4AA9-8144-B83FA7CF372D}"
EndProject
Project("{2150E333-8FDC-42A3-9474-1A3956D46DE8}") = "Ordering", "Ordering", "{56426F67-2F71-47FB-A43D-3435BF9377E2}"
EndProject
Project("{2150E333-8FDC-42A3-9474-1A3956D46DE8}") = "Inventory", "Inventory", "{9E5465AE-49F6-4BB6-ABD9-4B462DC4BAF6}"
EndProject
Project("{2150E333-8FDC-42A3-9474-1A3956D46DE8}") = "ScheduledJob", "ScheduledJob", "{E4F9DD0A-2C02-4770-93EB-8C351BCB221B}"
EndProject
Project("{FAE04EC0-301F-11D3-BF4B-00C04F79EFBC}") = "WebHealthStatus", "src\WebApps\WebHealthStatus\WebHealthStatus.csproj", "{B2CEE1B8-DD06-48BC-856B-ECE2DE7A1996}"
EndProject
Project("{FAE04EC0-301F-11D3-BF4B-00C04F79EFBC}") = "Basket.API", "src\Services\Basket.API\Basket.API.csproj", "{73E79571-0E30-4918-85F1-DD2D702722E1}"
EndProject
Project("{FAE04EC0-301F-11D3-BF4B-00C04F79EFBC}") = "Customer.API", "src\Services\Customer.API\Customer.API.csproj", "{85FA0AB8-419D-49E5-A899-A1689AAA8F06}"
EndProject
Project("{FAE04EC0-301F-11D3-BF4B-00C04F79EFBC}") = "Inventory.Product.API", "src\Services\Inventory.Product.API\Inventory.Product.API.csproj", "{B5DFF216-831E-4E80-A2CC-2C9DF2A5A655}"
EndProject
Project("{FAE04EC0-301F-11D3-BF4B-00C04F79EFBC}") = "Ordering.API", "src\Services\Ordering.API\Ordering.API.csproj", "{6B06C77B-1C00-4438-AFBC-2154111E92BC}"
EndProject
Project("{FAE04EC0-301F-11D3-BF4B-00C04F79EFBC}") = "Product.API", "src\Services\Product.API\Product.API.csproj", "{53FD3854-C8D1-4EF1-940A-60280B310784}"
EndProject
Project("{FAE04EC0-301F-11D3-BF4B-00C04F79EFBC}") = "Hangfire.API", "src\Services\Hangfire.API\Hangfire.API.csproj", "{6AF5DC02-B9EE-4785-8AB6-3088EEDA2717}"
EndProject
Project("{FAE04EC0-301F-11D3-BF4B-00C04F79EFBC}") = "Contracts", "src\BuildingBlocks\Contracts\Contracts.csproj", "{37D0F727-FDE6-42A1-A810-9E5CA7CA7B41}"
EndProject
Project("{FAE04EC0-301F-11D3-BF4B-00C04F79EFBC}") = "Shared", "src\BuildingBlocks\Shared\Shared.csproj", "{4C64230F-EBD0-45C6-A064-847A5609B6CE}"
EndProject
Project("{FAE04EC0-301F-11D3-BF4B-00C04F79EFBC}") = "Infrastructure", "src\BuildingBlocks\Infrastructure\Infrastructure.csproj", "{EB99A958-8C13-4620-854F-1369F7BEB52C}"
EndProject
Project("{FAE04EC0-301F-11D3-BF4B-00C04F79EFBC}") = "OcelotApiGw", "src\ApiGateways\OcelotApiGw\OcelotApiGw.csproj", "{4706A190-61E0-4FFA-A16B-05AEF65CA427}"
EndProject
Project("{2150E333-8FDC-42A3-9474-1A3956D46DE8}") = "docs", "docs", "{073A38FB-92E0-4504-935F-EF265CF4CCB5}"
	ProjectSection(SolutionItems) = preProject
		docs\Commands.txt = docs\Commands.txt
		docs\Logging.txt = docs\Logging.txt
	EndProjectSection
EndProject
Global
	GlobalSection(SolutionConfigurationPlatforms) = preSolution
		Debug|Any CPU = Debug|Any CPU
		Release|Any CPU = Release|Any CPU
	EndGlobalSection
	GlobalSection(ProjectConfigurationPlatforms) = postSolution
		{656E604D-6797-4639-806D-55A47A0D7B06}.Debug|Any CPU.ActiveCfg = Debug|Any CPU
		{656E604D-6797-4639-806D-55A47A0D7B06}.Debug|Any CPU.Build.0 = Debug|Any CPU
		{656E604D-6797-4639-806D-55A47A0D7B06}.Release|Any CPU.ActiveCfg = Release|Any CPU
		{656E604D-6797-4639-806D-55A47A0D7B06}.Release|Any CPU.Build.0 = Release|Any CPU
		{499F0B35-305E-4BED-A5F5-C83C023A102B}.Debug|Any CPU.ActiveCfg = Debug|Any CPU
		{499F0B35-305E-4BED-A5F5-C83C023A102B}.Debug|Any CPU.Build.0 = Debug|Any CPU
		{499F0B35-305E-4BED-A5F5-C83C023A102B}.Release|Any CPU.ActiveCfg = Release|Any CPU
		{499F0B35-305E-4BED-A5F5-C83C023A102B}.Release|Any CPU.Build.0 = Release|Any CPU
		{B2CEE1B8-DD06-48BC-856B-ECE2DE7A1996}.Debug|Any CPU.ActiveCfg = Debug|Any CPU
		{B2CEE1B8-DD06-48BC-856B-ECE2DE7A1996}.Debug|Any CPU.Build.0 = Debug|Any CPU
		{B2CEE1B8-DD06-48BC-856B-ECE2DE7A1996}.Release|Any CPU.ActiveCfg = Release|Any CPU
		{B2CEE1B8-DD06-48BC-856B-ECE2DE7A1996}.Release|Any CPU.Build.0 = Release|Any CPU
		{73E79571-0E30-4918-85F1-DD2D702722E1}.Debug|Any CPU.ActiveCfg = Debug|Any CPU
		{73E79571-0E30-4918-85F1-DD2D702722E1}.Debug|Any CPU.Build.0 = Debug|Any CPU
		{73E79571-0E30-4918-85F1-DD2D702722E1}.Release|Any CPU.ActiveCfg = Release|Any CPU
		{73E79571-0E30-4918-85F1-DD2D702722E1}.Release|Any CPU.Build.0 = Release|Any CPU
		{85FA0AB8-419D-49E5-A899-A1689AAA8F06}.Debug|Any CPU.ActiveCfg = Debug|Any CPU
		{85FA0AB8-419D-49E5-A899-A1689AAA8F06}.Debug|Any CPU.Build.0 = Debug|Any CPU
		{85FA0AB8-419D-49E5-A899-A1689AAA8F06}.Release|Any CPU.ActiveCfg = Release|Any CPU
		{85FA0AB8-419D-49E5-A899-A1689AAA8F06}.Release|Any CPU.Build.0 = Release|Any CPU
		{B5DFF216-831E-4E80-A2CC-2C9DF2A5A655}.Debug|Any CPU.ActiveCfg = Debug|Any CPU
		{B5DFF216-831E-4E80-A2CC-2C9DF2A5A655}.Debug|Any CPU.Build.0 = Debug|Any CPU
		{B5DFF216-831E-4E80-A2CC-2C9DF2A5A655}.Release|Any CPU.ActiveCfg = Release|Any CPU
		{B5DFF216-831E-4E80-A2CC-2C9DF2A5A655}.Release|Any CPU.Build.0 = Release|Any CPU
		{6B06C77B-1C00-4438-AFBC-2154111E92BC}.Debug|Any CPU.ActiveCfg = Debug|Any CPU
		{6B06C77B-1C00-4438-AFBC-2154111E92BC}.Debug|Any CPU.Build.0 = Debug|Any CPU
		{6B06C77B-1C00-4438-AFBC-2154111E92BC}.Release|Any CPU.ActiveCfg = Release|Any CPU
		{6B06C77B-1C00-4438-AFBC-2154111E92BC}.Release|Any CPU.Build.0 = Release|Any CPU
		{53FD3854-C8D1-4EF1-940A-60280B310784}.Debug|Any CPU.ActiveCfg = Debug|Any CPU
		{53FD3854-C8D1-4EF1-940A-60280B310784}.Debug|Any CPU.Build.0 = Debug|Any CPU
		{53FD3854-C8D1-4EF1-940A-60280B310784}.Release|Any CPU.ActiveCfg = Release|Any CPU
		{53FD3854-C8D1-4EF1-940A-60280B310784}.Release|Any CPU.Build.0 = Release|Any CPU
		{6AF5DC02-B9EE-4785-8AB6-3088EEDA2717}.Debug|Any CPU.ActiveCfg = Debug|Any CPU
		{6AF5DC02-B9EE-4785-8AB6-3088EEDA2717}.Debug|Any CPU.Build.0 = Debug|Any CPU
		{6AF5DC02-B9EE-4785-8AB6-3088EEDA2717}.Release|Any CPU.ActiveCfg = Release|Any CPU
		{6AF5DC02-B9EE-4785-8AB6-3088EEDA2717}.Release|Any CPU.Build.0 = Release|Any CPU
		{37D0F727-FDE6-42A1-A810-9E5CA7CA7B41}.Debug|Any CPU.ActiveCfg = Debug|Any CPU
		{37D0F727-FDE6-42A1-A810-9E5CA7CA7B41}.Debug|Any CPU.Build.0 = Debug|Any CPU
		{37D0F727-FDE6-42A1-A810-9E5CA7CA7B41}.Release|Any CPU.ActiveCfg = Release|Any CPU
		{37D0F727-FDE6-42A1-A810-9E5CA7CA7B41}.Release|Any CPU.Build.0 = Release|Any CPU
		{4C64230F-EBD0-45C6-A064-847A5609B6CE}.Debug|Any CPU.ActiveCfg = Debug|Any CPU
		{4C64230F-EBD0-45C6-A064-847A5609B6CE}.Debug|Any CPU.Build.0 = Debug|Any CPU
		{4C64230F-EBD0-45C6-A064-847A5609B6CE}.Release|Any CPU.ActiveCfg = Release|Any CPU
		{4C64230F-EBD0-45C6-A064-847A5609B6CE}.Release|Any CPU.Build.0 = Release|Any CPU
		{EB99A958-8C13-4620-854F-1369F7BEB52C}.Debug|Any CPU.ActiveCfg = Debug|Any CPU
		{EB99A958-8C13-4620-854F-1369F7BEB52C}.Debug|Any CPU.Build.0 = Debug|Any CPU
		{EB99A958-8C13-4620-854F-1369F7BEB52C}.Release|Any CPU.ActiveCfg = Release|Any CPU
		{EB99A958-8C13-4620-854F-1369F7BEB52C}.Release|Any CPU.Build.0 = Release|Any CPU
		{4706A190-61E0-4FFA-A16B-05AEF65CA427}.Debug|Any CPU.ActiveCfg = Debug|Any CPU
		{4706A190-61E0-4FFA-A16B-05AEF65CA427}.Debug|Any CPU.Build.0 = Debug|Any CPU
		{4706A190-61E0-4FFA-A16B-05AEF65CA427}.Release|Any CPU.ActiveCfg = Release|Any CPU
		{4706A190-61E0-4FFA-A16B-05AEF65CA427}.Release|Any CPU.Build.0 = Release|Any CPU
	EndGlobalSection
	GlobalSection(SolutionProperties) = preSolution
		HideSolutionNode = FALSE
	EndGlobalSection
	GlobalSection(NestedProjects) = preSolution
		{7A3CC490-CE1A-43D4-AF45-D4E966A1C33E} = {77BFC61F-091E-4400-A325-8BCD8AF585FD}
		{55D94016-426F-48C0-A65C-3B78DF5FADCC} = {77BFC61F-091E-4400-A325-8BCD8AF585FD}
		{43C149C4-78DD-4DB7-977F-3B2236A366D4} = {77BFC61F-091E-4400-A325-8BCD8AF585FD}
		{C7523260-29A5-40C1-8090-1F8333A438AB} = {77BFC61F-091E-4400-A325-8BCD8AF585FD}
		{656E604D-6797-4639-806D-55A47A0D7B06} = {55D94016-426F-48C0-A65C-3B78DF5FADCC}
		{499F0B35-305E-4BED-A5F5-C83C023A102B} = {55D94016-426F-48C0-A65C-3B78DF5FADCC}
		{4357244F-1741-4234-BB4D-5742E0313CBD} = {43C149C4-78DD-4DB7-977F-3B2236A366D4}
		{07877BC3-5DB3-400E-8D4A-FDC1586AE63C} = {43C149C4-78DD-4DB7-977F-3B2236A366D4}
		{F5FDB9B7-D1A0-4AA9-8144-B83FA7CF372D} = {43C149C4-78DD-4DB7-977F-3B2236A366D4}
		{56426F67-2F71-47FB-A43D-3435BF9377E2} = {43C149C4-78DD-4DB7-977F-3B2236A366D4}
		{9E5465AE-49F6-4BB6-ABD9-4B462DC4BAF6} = {43C149C4-78DD-4DB7-977F-3B2236A366D4}
		{E4F9DD0A-2C02-4770-93EB-8C351BCB221B} = {43C149C4-78DD-4DB7-977F-3B2236A366D4}
		{B2CEE1B8-DD06-48BC-856B-ECE2DE7A1996} = {C7523260-29A5-40C1-8090-1F8333A438AB}
		{73E79571-0E30-4918-85F1-DD2D702722E1} = {F5FDB9B7-D1A0-4AA9-8144-B83FA7CF372D}
		{85FA0AB8-419D-49E5-A899-A1689AAA8F06} = {07877BC3-5DB3-400E-8D4A-FDC1586AE63C}
		{B5DFF216-831E-4E80-A2CC-2C9DF2A5A655} = {9E5465AE-49F6-4BB6-ABD9-4B462DC4BAF6}
		{6B06C77B-1C00-4438-AFBC-2154111E92BC} = {56426F67-2F71-47FB-A43D-3435BF9377E2}
		{53FD3854-C8D1-4EF1-940A-60280B310784} = {4357244F-1741-4234-BB4D-5742E0313CBD}
		{6AF5DC02-B9EE-4785-8AB6-3088EEDA2717} = {E4F9DD0A-2C02-4770-93EB-8C351BCB221B}
		{37D0F727-FDE6-42A1-A810-9E5CA7CA7B41} = {55D94016-426F-48C0-A65C-3B78DF5FADCC}
		{4C64230F-EBD0-45C6-A064-847A5609B6CE} = {55D94016-426F-48C0-A65C-3B78DF5FADCC}
		{EB99A958-8C13-4620-854F-1369F7BEB52C} = {55D94016-426F-48C0-A65C-3B78DF5FADCC}
		{4706A190-61E0-4FFA-A16B-05AEF65CA427} = {7A3CC490-CE1A-43D4-AF45-D4E966A1C33E}
	EndGlobalSection
EndGlobal
